
Microsoft Visual Studio Solution File, Format Version 12.00
# Visual Studio Version 17
VisualStudioVersion = 17.5.33516.290
MinimumVisualStudioVersion = 10.0.40219.1
Project("{FAE04EC0-301F-11D3-BF4B-00C04F79EFBC}") = "MIS3033_Exam3_BradenFisher", "MIS3033_Exam3_BradenFisher\MIS3033_Exam3_BradenFisher.csproj", "{6B3B1000-E8CB-4297-86A9-4817353CAFCB}"
EndProject
Global
	GlobalSection(SolutionConfigurationPlatforms) = preSolution
		Debug|Any CPU = Debug|Any CPU
		Release|Any CPU = Release|Any CPU
	EndGlobalSection
	GlobalSection(ProjectConfigurationPlatforms) = postSolution
		{6B3B1000-E8CB-4297-86A9-4817353CAFCB}.Debug|Any CPU.ActiveCfg = Debug|Any CPU
		{6B3B1000-E8CB-4297-86A9-4817353CAFCB}.Debug|Any CPU.Build.0 = Debug|Any CPU
		{6B3B1000-E8CB-4297-86A9-4817353CAFCB}.Release|Any CPU.ActiveCfg = Release|Any CPU
		{6B3B1000-E8CB-4297-86A9-4817353CAFCB}.Release|Any CPU.Build.0 = Release|Any CPU
	EndGlobalSection
	GlobalSection(SolutionProperties) = preSolution
		HideSolutionNode = FALSE
	EndGlobalSection
	GlobalSection(ExtensibilityGlobals) = postSolution
		SolutionGuid = {E9462BD6-DCA0-469C-B966-17BE1C037A41}
	EndGlobalSection
EndGlobal
